
Microsoft Visual Studio Solution File, Format Version 12.00
# Visual Studio Version 17
VisualStudioVersion = 17.0.32112.339
MinimumVisualStudioVersion = 10.0.40219.1
Project("{FAE04EC0-301F-11D3-BF4B-00C04F79EFBC}") = "Politesh parsing net core", "Politesh parsing net core.csproj", "{56FCB658-8065-4817-87FC-B5814ACF393A}"
EndProject
Global
	GlobalSection(SolutionConfigurationPlatforms) = preSolution
		Debug|Any CPU = Debug|Any CPU
		Release|Any CPU = Release|Any CPU
	EndGlobalSection
	GlobalSection(ProjectConfigurationPlatforms) = postSolution
		{56FCB658-8065-4817-87FC-B5814ACF393A}.Debug|Any CPU.ActiveCfg = Debug|Any CPU
		{56FCB658-8065-4817-87FC-B5814ACF393A}.Debug|Any CPU.Build.0 = Debug|Any CPU
		{56FCB658-8065-4817-87FC-B5814ACF393A}.Release|Any CPU.ActiveCfg = Release|Any CPU
		{56FCB658-8065-4817-87FC-B5814ACF393A}.Release|Any CPU.Build.0 = Release|Any CPU
	EndGlobalSection
	GlobalSection(SolutionProperties) = preSolution
		HideSolutionNode = FALSE
	EndGlobalSection
	GlobalSection(ExtensibilityGlobals) = postSolution
		SolutionGuid = {5624D6C1-B149-4F25-BFFD-FF607785464A}
	EndGlobalSection
EndGlobal
